
Microsoft Visual Studio Solution File, Format Version 12.00
# Visual Studio Version 17
VisualStudioVersion = 17.4.33213.308
MinimumVisualStudioVersion = 10.0.40219.1
Project("{9A19103F-16F7-4668-BE54-9A1E7A4F7556}") = "LumaTests", "LumaTests\LumaTests.csproj", "{6B9151F9-FBB9-40E3-ACB4-A0BDA4268D7F}"
EndProject
Project("{9A19103F-16F7-4668-BE54-9A1E7A4F7556}") = "LumaTestingFramework", "LumaTestingFramework\LumaTestingFramework.csproj", "{0B579471-D401-4DED-A5B2-3B13B4486C95}"
EndProject
Global
	GlobalSection(SolutionConfigurationPlatforms) = preSolution
		Debug|Any CPU = Debug|Any CPU
		Release|Any CPU = Release|Any CPU
	EndGlobalSection
	GlobalSection(ProjectConfigurationPlatforms) = postSolution
		{6B9151F9-FBB9-40E3-ACB4-A0BDA4268D7F}.Debug|Any CPU.ActiveCfg = Debug|Any CPU
		{6B9151F9-FBB9-40E3-ACB4-A0BDA4268D7F}.Debug|Any CPU.Build.0 = Debug|Any CPU
		{6B9151F9-FBB9-40E3-ACB4-A0BDA4268D7F}.Release|Any CPU.ActiveCfg = Release|Any CPU
		{6B9151F9-FBB9-40E3-ACB4-A0BDA4268D7F}.Release|Any CPU.Build.0 = Release|Any CPU
		{0B579471-D401-4DED-A5B2-3B13B4486C95}.Debug|Any CPU.ActiveCfg = Debug|Any CPU
		{0B579471-D401-4DED-A5B2-3B13B4486C95}.Debug|Any CPU.Build.0 = Debug|Any CPU
		{0B579471-D401-4DED-A5B2-3B13B4486C95}.Release|Any CPU.ActiveCfg = Release|Any CPU
		{0B579471-D401-4DED-A5B2-3B13B4486C95}.Release|Any CPU.Build.0 = Release|Any CPU
	EndGlobalSection
	GlobalSection(SolutionProperties) = preSolution
		HideSolutionNode = FALSE
	EndGlobalSection
	GlobalSection(ExtensibilityGlobals) = postSolution
		SolutionGuid = {D11E68BD-CBD1-4778-988D-9EC705C83AD0}
	EndGlobalSection
EndGlobal
